
Microsoft Visual Studio Solution File, Format Version 12.00
# Visual Studio Version 16
VisualStudioVersion = 16.0.29123.88
MinimumVisualStudioVersion = 10.0.40219.1
Project("{F184B08F-C81C-45F6-A57F-5ABD9991F28F}") = "注册表研究", "注册表研究\注册表研究.vbproj", "{E61CFB42-4A40-490C-8AAF-03D9E4F4356D}"
EndProject
Global
	GlobalSection(SolutionConfigurationPlatforms) = preSolution
		Debug|Any CPU = Debug|Any CPU
		Release|Any CPU = Release|Any CPU
	EndGlobalSection
	GlobalSection(ProjectConfigurationPlatforms) = postSolution
		{E61CFB42-4A40-490C-8AAF-03D9E4F4356D}.Debug|Any CPU.ActiveCfg = Debug|Any CPU
		{E61CFB42-4A40-490C-8AAF-03D9E4F4356D}.Debug|Any CPU.Build.0 = Debug|Any CPU
		{E61CFB42-4A40-490C-8AAF-03D9E4F4356D}.Release|Any CPU.ActiveCfg = Release|Any CPU
		{E61CFB42-4A40-490C-8AAF-03D9E4F4356D}.Release|Any CPU.Build.0 = Release|Any CPU
	EndGlobalSection
	GlobalSection(SolutionProperties) = preSolution
		HideSolutionNode = FALSE
	EndGlobalSection
	GlobalSection(ExtensibilityGlobals) = postSolution
		SolutionGuid = {D7456D76-A74A-4AEB-B1EB-7A87D26DF7E6}
	EndGlobalSection
EndGlobal
